// !$*UTF8*$!
{
	archiveVersion = 1;
	classes = {
	};
	objectVersion = 46;
	objects = {

/* Begin PBXBuildFile section */
		24C841B11B86C07400EE912E /* main.m in Sources */ = {isa = PBXBuildFile; fileRef = 24C841B01B86C07400EE912E /* main.m */; };
		24C841B41B86C07400EE912E /* AppDelegate.m in Sources */ = {isa = PBXBuildFile; fileRef = 24C841B31B86C07400EE912E /* AppDelegate.m */; };
		24C841B71B86C07400EE912E /* ViewController.m in Sources */ = {isa = PBXBuildFile; fileRef = 24C841B61B86C07400EE912E /* ViewController.m */; };
		24C841BA1B86C07500EE912E /* Main.storyboard in Resources */ = {isa = PBXBuildFile; fileRef = 24C841B81B86C07400EE912E /* Main.storyboard */; };
		24C841BC1B86C07500EE912E /* Images.xcassets in Resources */ = {isa = PBXBuildFile; fileRef = 24C841BB1B86C07500EE912E /* Images.xcassets */; };
		24C841BF1B86C07500EE912E /* LaunchScreen.xib in Resources */ = {isa = PBXBuildFile; fileRef = 24C841BD1B86C07500EE912E /* LaunchScreen.xib */; };
		24C841CB1B86C07500EE912E /* SZBlankInputViewDemoTests.m in Sources */ = {isa = PBXBuildFile; fileRef = 24C841CA1B86C07500EE912E /* SZBlankInputViewDemoTests.m */; };
		24C841D71B86C09700EE912E /* SZBlankInputView.m in Sources */ = {isa = PBXBuildFile; fileRef = 24C841D61B86C09700EE912E /* SZBlankInputView.m */; };
/* End PBXBuildFile section */

/* Begin PBXContainerItemProxy section */
		24C841C51B86C07500EE912E /* PBXContainerItemProxy */ = {
			isa = PBXContainerItemProxy;
			containerPortal = 24C841A31B86C07400EE912E /* Project object */;
			proxyType = 1;
			remoteGlobalIDString = 24C841AA1B86C07400EE912E;
			remoteInfo = SZBlankInputViewDemo;
		};
/* End PBXContainerItemProxy section */

/* Begin PBXFileReference section */
		24C841AB1B86C07400EE912E /* SZBlankInputViewDemo.app */ = {isa = PBXFileReference; explicitFileType = wrapper.application; includeInIndex = 0; path = SZBlankInputViewDemo.app; sourceTree = BUILT_PRODUCTS_DIR; };
		24C841AF1B86C07400EE912E /* Info.plist */ = {isa = PBXFileReference; lastKnownFileType = text.plist.xml; path = Info.plist; sourceTree = "<group>"; };
		24C841B01B86C07400EE912E /* main.m */ = {isa = PBXFileReference; lastKnownFileType = sourcecode.c.objc; path = main.m; sourceTree = "<group>"; };
		24C841B21B86C07400EE912E /* AppDelegate.h */ = {isa = PBXFileReference; lastKnownFileType = sourcecode.c.h; path = AppDelegate.h; sourceTree = "<group>"; };
		24C841B31B86C07400EE912E /* AppDelegate.m */ = {isa = PBXFileReference; lastKnownFileType = sourcecode.c.objc; path = AppDelegate.m; sourceTree = "<group>"; };
		24C841B51B86C07400EE912E /* ViewController.h */ = {isa = PBXFileReference; lastKnownFileType = sourcecode.c.h; path = ViewController.h; sourceTree = "<group>"; };
		24C841B61B86C07400EE912E /* ViewController.m */ = {isa = PBXFileReference; lastKnownFileType = sourcecode.c.objc; path = ViewController.m; sourceTree = "<group>"; };
		24C841B91B86C07400EE912E /* Base */ = {isa = PBXFileReference; lastKnownFileType = file.storyboard; name = Base; path = Base.lproj/Main.storyboard; sourceTree = "<group>"; };
		24C841BB1B86C07500EE912E /* Images.xcassets */ = {isa = PBXFileReference; lastKnownFileType = folder.assetcatalog; path = Images.xcassets; sourceTree = "<group>"; };
		24C841BE1B86C07500EE912E /* Base */ = {isa = PBXFileReference; lastKnownFileType = file.xib; name = Base; path = Base.lproj/LaunchScreen.xib; sourceTree = "<group>"; };
		24C841C41B86C07500EE912E /* SZBlankInputViewDemoTests.xctest */ = {isa = PBXFileReference; explicitFileType = wrapper.cfbundle; includeInIndex = 0; path = SZBlankInputViewDemoTests.xctest; sourceTree = BUILT_PRODUCTS_DIR; };
		24C841C91B86C07500EE912E /* Info.plist */ = {isa = PBXFileReference; lastKnownFileType = text.plist.xml; path = Info.plist; sourceTree = "<group>"; };
		24C841CA1B86C07500EE912E /* SZBlankInputViewDemoTests.m */ = {isa = PBXFileReference; lastKnownFileType = sourcecode.c.objc; path = SZBlankInputViewDemoTests.m; sourceTree = "<group>"; };
		24C841D51B86C09700EE912E /* SZBlankInputView.h */ = {isa = PBXFileReference; fileEncoding = 4; lastKnownFileType = sourcecode.c.h; path = SZBlankInputView.h; sourceTree = "<group>"; };
		24C841D61B86C09700EE912E /* SZBlankInputView.m */ = {isa = PBXFileReference; fileEncoding = 4; lastKnownFileType = sourcecode.c.objc; path = SZBlankInputView.m; sourceTree = "<group>"; };
/* End PBXFileReference section */

/* Begin PBXFrameworksBuildPhase section */
		24C841A81B86C07400EE912E /* Frameworks */ = {
			isa = PBXFrameworksBuildPhase;
			buildActionMask = 2147483647;
			files = (
			);
			runOnlyForDeploymentPostprocessing = 0;
		};
		24C841C11B86C07500EE912E /* Frameworks */ = {
			isa = PBXFrameworksBuildPhase;
			buildActionMask = 2147483647;
			files = (
			);
			runOnlyForDeploymentPostprocessing = 0;
		};
/* End PBXFrameworksBuildPhase section */

/* Begin PBXGroup section */
		24C841A21B86C07400EE912E = {
			isa = PBXGroup;
			children = (
				24C841D41B86C09700EE912E /* SZBlankInputView */,
				24C841AD1B86C07400EE912E /* SZBlankInputViewDemo */,
				24C841C71B86C07500EE912E /* SZBlankInputViewDemoTests */,
				24C841AC1B86C07400EE912E /* Products */,
			);
			sourceTree = "<group>";
		};
		24C841AC1B86C07400EE912E /* Products */ = {
			isa = PBXGroup;
			children = (
				24C841AB1B86C07400EE912E /* SZBlankInputViewDemo.app */,
				24C841C41B86C07500EE912E /* SZBlankInputViewDemoTests.xctest */,
			);
			name = Products;
			sourceTree = "<group>";
		};
		24C841AD1B86C07400EE912E /* SZBlankInputViewDemo */ = {
			isa = PBXGroup;
			children = (
				24C841B21B86C07400EE912E /* AppDelegate.h */,
				24C841B31B86C07400EE912E /* AppDelegate.m */,
				24C841B51B86C07400EE912E /* ViewController.h */,
				24C841B61B86C07400EE912E /* ViewController.m */,
				24C841B81B86C07400EE912E /* Main.storyboard */,
				24C841BB1B86C07500EE912E /* Images.xcassets */,
				24C841BD1B86C07500EE912E /* LaunchScreen.xib */,
				24C841AE1B86C07400EE912E /* Supporting Files */,
			);
			path = SZBlankInputViewDemo;
			sourceTree = "<group>";
		};
		24C841AE1B86C07400EE912E /* Supporting Files */ = {
			isa = PBXGroup;
			children = (
				24C841AF1B86C07400EE912E /* Info.plist */,
				24C841B01B86C07400EE912E /* main.m */,
			);
			name = "Supporting Files";
			sourceTree = "<group>";
		};
		24C841C71B86C07500EE912E /* SZBlankInputViewDemoTests */ = {
			isa = PBXGroup;
			children = (
				24C841CA1B86C07500EE912E /* SZBlankInputViewDemoTests.m */,
				24C841C81B86C07500EE912E /* Supporting Files */,
			);
			path = SZBlankInputViewDemoTests;
			sourceTree = "<group>";
		};
		24C841C81B86C07500EE912E /* Supporting Files */ = {
			isa = PBXGroup;
			children = (
				24C841C91B86C07500EE912E /* Info.plist */,
			);
			name = "Supporting Files";
			sourceTree = "<group>";
		};
		24C841D41B86C09700EE912E /* SZBlankInputView */ = {
			isa = PBXGroup;
			children = (
				24C841D51B86C09700EE912E /* SZBlankInputView.h */,
				24C841D61B86C09700EE912E /* SZBlankInputView.m */,
			);
			path = SZBlankInputView;
			sourceTree = "<group>";
		};
/* End PBXGroup section */

/* Begin PBXNativeTarget section */
		24C841AA1B86C07400EE912E /* SZBlankInputViewDemo */ = {
			isa = PBXNativeTarget;
			buildConfigurationList = 24C841CE1B86C07500EE912E /* Build configuration list for PBXNativeTarget "SZBlankInputViewDemo" */;
			buildPhases = (
				24C841A71B86C07400EE912E /* Sources */,
				24C841A81B86C07400EE912E /* Frameworks */,
				24C841A91B86C07400EE912E /* Resources */,
			);
			buildRules = (
			);
			dependencies = (
			);
			name = SZBlankInputViewDemo;
			productName = SZBlankInputViewDemo;
			productReference = 24C841AB1B86C07400EE912E /* SZBlankInputViewDemo.app */;
			productType = "com.apple.product-type.application";
		};
		24C841C31B86C07500EE912E /* SZBlankInputViewDemoTests */ = {
			isa = PBXNativeTarget;
			buildConfigurationList = 24C841D11B86C07500EE912E /* Build configuration list for PBXNativeTarget "SZBlankInputViewDemoTests" */;
			buildPhases = (
				24C841C01B86C07500EE912E /* Sources */,
				24C841C11B86C07500EE912E /* Frameworks */,
				24C841C21B86C07500EE912E /* Resources */,
			);
			buildRules = (
			);
			dependencies = (
				24C841C61B86C07500EE912E /* PBXTargetDependency */,
			);
			name = SZBlankInputViewDemoTests;
			productName = SZBlankInputViewDemoTests;
			productReference = 24C841C41B86C07500EE912E /* SZBlankInputViewDemoTests.xctest */;
			productType = "com.apple.product-type.bundle.unit-test";
		};
/* End PBXNativeTarget section */

/* Begin PBXProject section */
		24C841A31B86C07400EE912E /* Project object */ = {
			isa = PBXProject;
			attributes = {
				LastUpgradeCheck = 0640;
				ORGANIZATIONNAME = shengzhichen;
				TargetAttributes = {
					24C841AA1B86C07400EE912E = {
						CreatedOnToolsVersion = 6.4;
					};
					24C841C31B86C07500EE912E = {
						CreatedOnToolsVersion = 6.4;
						TestTargetID = 24C841AA1B86C07400EE912E;
					};
				};
			};
			buildConfigurationList = 24C841A61B86C07400EE912E /* Build configuration list for PBXProject "SZBlankInputViewDemo" */;
			compatibilityVersion = "Xcode 3.2";
			developmentRegion = English;
			hasScannedForEncodings = 0;
			knownRegions = (
				en,
				Base,
			);
			mainGroup = 24C841A21B86C07400EE912E;
			productRefGroup = 24C841AC1B86C07400EE912E /* Products */;
			projectDirPath = "";
			projectRoot = "";
			targets = (
				24C841AA1B86C07400EE912E /* SZBlankInputViewDemo */,
				24C841C31B86C07500EE912E /* SZBlankInputViewDemoTests */,
			);
		};
/* End PBXProject section */

/* Begin PBXResourcesBuildPhase section */
		24C841A91B86C07400EE912E /* Resources */ = {
			isa = PBXResourcesBuildPhase;
			buildActionMask = 2147483647;
			files = (
				24C841BA1B86C07500EE912E /* Main.storyboard in Resources */,
				24C841BF1B86C07500EE912E /* LaunchScreen.xib in Resources */,
				24C841BC1B86C07500EE912E /* Images.xcassets in Resources */,
			);
			runOnlyForDeploymentPostprocessing = 0;
		};
		24C841C21B86C07500EE912E /* Resources */ = {
			isa = PBXResourcesBuildPhase;
			buildActionMask = 2147483647;
			files = (
			);
			runOnlyForDeploymentPostprocessing = 0;
		};
/* End PBXResourcesBuildPhase section */

/* Begin PBXSourcesBuildPhase section */
		24C841A71B86C07400EE912E /* Sources */ = {
			isa = PBXSourcesBuildPhase;
			buildActionMask = 2147483647;
			files = (
				24C841B71B86C07400EE912E /* ViewController.m in Sources */,
				24C841D71B86C09700EE912E /* SZBlankInputView.m in Sources */,
				24C841B41B86C07400EE912E /* AppDelegate.m in Sources */,
				24C841B11B86C07400EE912E /* main.m in Sources */,
			);
			runOnlyForDeploymentPostprocessing = 0;
		};
		24C841C01B86C07500EE912E /* Sources */ = {
			isa = PBXSourcesBuildPhase;
			buildActionMask = 2147483647;
			files = (
				24C841CB1B86C07500EE912E /* SZBlankInputViewDemoTests.m in Sources */,
			);
			runOnlyForDeploymentPostprocessing = 0;
		};
/* End PBXSourcesBuildPhase section */

/* Begin PBXTargetDependency section */
		24C841C61B86C07500EE912E /* PBXTargetDependency */ = {
			isa = PBXTargetDependency;
			target = 24C841AA1B86C07400EE912E /* SZBlankInputViewDemo */;
			targetProxy = 24C841C51B86C07500EE912E /* PBXContainerItemProxy */;
		};
/* End PBXTargetDependency section */

/* Begin PBXVariantGroup section */
		24C841B81B86C07400EE912E /* Main.storyboard */ = {
			isa = PBXVariantGroup;
			children = (
				24C841B91B86C07400EE912E /* Base */,
			);
			name = Main.storyboard;
			sourceTree = "<group>";
		};
		24C841BD1B86C07500EE912E /* LaunchScreen.xib */ = {
			isa = PBXVariantGroup;
			children = (
				24C841BE1B86C07500EE912E /* Base */,
			);
			name = LaunchScreen.xib;
			sourceTree = "<group>";
		};
/* End PBXVariantGroup section */

/* Begin XCBuildConfiguration section */
		24C841CC1B86C07500EE912E /* Debug */ = {
			isa = XCBuildConfiguration;
			buildSettings = {
				ALWAYS_SEARCH_USER_PATHS = NO;
				CLANG_CXX_LANGUAGE_STANDARD = "gnu++0x";
				CLANG_CXX_LIBRARY = "libc++";
				CLANG_ENABLE_MODULES = YES;
				CLANG_ENABLE_OBJC_ARC = YES;
				CLANG_WARN_BOOL_CONVERSION = YES;
				CLANG_WARN_CONSTANT_CONVERSION = YES;
				CLANG_WARN_DIRECT_OBJC_ISA_USAGE = YES_ERROR;
				CLANG_WARN_EMPTY_BODY = YES;
				CLANG_WARN_ENUM_CONVERSION = YES;
				CLANG_WARN_INT_CONVERSION = YES;
				CLANG_WARN_OBJC_ROOT_CLASS = YES_ERROR;
				CLANG_WARN_UNREACHABLE_CODE = YES;
				CLANG_WARN__DUPLICATE_METHOD_MATCH = YES;
				"CODE_SIGN_IDENTITY[sdk=iphoneos*]" = "iPhone Developer";
				COPY_PHASE_STRIP = NO;
				DEBUG_INFORMATION_FORMAT = "dwarf-with-dsym";
				ENABLE_STRICT_OBJC_MSGSEND = YES;
				GCC_C_LANGUAGE_STANDARD = gnu99;
				GCC_DYNAMIC_NO_PIC = NO;
				GCC_NO_COMMON_BLOCKS = YES;
				GCC_OPTIMIZATION_LEVEL = 0;
				GCC_PREPROCESSOR_DEFINITIONS = (
					"DEBUG=1",
					"$(inherited)",
				);
				GCC_SYMBOLS_PRIVATE_EXTERN = NO;
				GCC_WARN_64_TO_32_BIT_CONVERSION = YES;
				GCC_WARN_ABOUT_RETURN_TYPE = YES_ERROR;
				GCC_WARN_UNDECLARED_SELECTOR = YES;
				GCC_WARN_UNINITIALIZED_AUTOS = YES_AGGRESSIVE;
				GCC_WARN_UNUSED_FUNCTION = YES;
				GCC_WARN_UNUSED_VARIABLE = YES;
				IPHONEOS_DEPLOYMENT_TARGET = 8.4;
				MTL_ENABLE_DEBUG_INFO = YES;
				ONLY_ACTIVE_ARCH = YES;
				SDKROOT = iphoneos;
			};
			name = Debug;
		};
		24C841CD1B86C07500EE912E /* Release */ = {
			isa = XCBuildConfiguration;
			buildSettings = {
				ALWAYS_SEARCH_USER_PATHS = NO;
				CLANG_CXX_LANGUAGE_STANDARD = "gnu++0x";
				CLANG_CXX_LIBRARY = "libc++";
				CLANG_ENABLE_MODULES = YES;
				CLANG_ENABLE_OBJC_ARC = YES;
				CLANG_WARN_BOOL_CONVERSION = YES;
				CLANG_WARN_CONSTANT_CONVERSION = YES;
				CLANG_WARN_DIRECT_OBJC_ISA_USAGE = YES_ERROR;
				CLANG_WARN_EMPTY_BODY = YES;
				CLANG_WARN_ENUM_CONVERSION = YES;
				CLANG_WARN_INT_CONVERSION = YES;
				CLANG_WARN_OBJC_ROOT_CLASS = YES_ERROR;
				CLANG_WARN_UNREACHABLE_CODE = YES;
				CLANG_WARN__DUPLICATE_METHOD_MATCH = YES;
				"CODE_SIGN_IDENTITY[sdk=iphoneos*]" = "iPhone Developer";
				COPY_PHASE_STRIP = NO;
				DEBUG_INFORMATION_FORMAT = "dwarf-with-dsym";
				ENABLE_NS_ASSERTIONS = NO;
				ENABLE_STRICT_OBJC_MSGSEND = YES;
				GCC_C_LANGUAGE_STANDARD = gnu99;
				GCC_NO_COMMON_BLOCKS = YES;
				GCC_WARN_64_TO_32_BIT_CONVERSION = YES;
				GCC_WARN_ABOUT_RETURN_TYPE = YES_ERROR;
				GCC_WARN_UNDECLARED_SELECTOR = YES;
				GCC_WARN_UNINITIALIZED_AUTOS = YES_AGGRESSIVE;
				GCC_WARN_UNUSED_FUNCTION = YES;
				GCC_WARN_UNUSED_VARIABLE = YES;
				IPHONEOS_DEPLOYMENT_TARGET = 8.4;
				MTL_ENABLE_DEBUG_INFO = NO;
				SDKROOT = iphoneos;
				VALIDATE_PRODUCT = YES;
			};
			name = Release;
		};
		24C841CF1B86C07500EE912E /* Debug */ = {
			isa = XCBuildConfiguration;
			buildSettings = {
				ASSETCATALOG_COMPILER_APPICON_NAME = AppIcon;
				INFOPLIST_FILE = SZBlankInputViewDemo/Info.plist;
				LD_RUNPATH_SEARCH_PATHS = "$(inherited) @executable_path/Frameworks";
				PRODUCT_NAME = "$(TARGET_NAME)";
			};
			name = Debug;
		};
		24C841D01B86C07500EE912E /* Release */ = {
			isa = XCBuildConfiguration;
			buildSettings = {
				ASSETCATALOG_COMPILER_APPICON_NAME = AppIcon;
				INFOPLIST_FILE = SZBlankInputViewDemo/Info.plist;
				LD_RUNPATH_SEARCH_PATHS = "$(inherited) @executable_path/Frameworks";
				PRODUCT_NAME = "$(TARGET_NAME)";
			};
			name = Release;
		};
		24C841D21B86C07500EE912E /* Debug */ = {
			isa = XCBuildConfiguration;
			buildSettings = {
				BUNDLE_LOADER = "$(TEST_HOST)";
				FRAMEWORK_SEARCH_PATHS = (
					"$(SDKROOT)/Developer/Library/Frameworks",
					"$(inherited)",
				);
				GCC_PREPROCESSOR_DEFINITIONS = (
					"DEBUG=1",
					"$(inherited)",
				);
				INFOPLIST_FILE = SZBlankInputViewDemoTests/Info.plist;
				LD_RUNPATH_SEARCH_PATHS = "$(inherited) @executable_path/Frameworks @loader_path/Frameworks";
				PRODUCT_NAME = "$(TARGET_NAME)";
				TEST_HOST = "$(BUILT_PRODUCTS_DIR)/SZBlankInputViewDemo.app/SZBlankInputViewDemo";
			};
			name = Debug;
		};
		24C841D31B86C07500EE912E /* Release */ = {
			isa = XCBuildConfiguration;
			buildSettings = {
				BUNDLE_LOADER = "$(TEST_HOST)";
				FRAMEWORK_SEARCH_PATHS = (
					"$(SDKROOT)/Developer/Library/Frameworks",
					"$(inherited)",
				);
				INFOPLIST_FILE = SZBlankInputViewDemoTests/Info.plist;
				LD_RUNPATH_SEARCH_PATHS = "$(inherited) @executable_path/Frameworks @loader_path/Frameworks";
				PRODUCT_NAME = "$(TARGET_NAME)";
				TEST_HOST = "$(BUILT_PRODUCTS_DIR)/SZBlankInputViewDemo.app/SZBlankInputViewDemo";
			};
			name = Release;
		};
/* End XCBuildConfiguration section */

/* Begin XCConfigurationList section */
		24C841A61B86C07400EE912E /* Build configuration list for PBXProject "SZBlankInputViewDemo" */ = {
			isa = XCConfigurationList;
			buildConfigurations = (
				24C841CC1B86C07500EE912E /* Debug */,
				24C841CD1B86C07500EE912E /* Release */,
			);
			defaultConfigurationIsVisible = 0;
			defaultConfigurationName = Release;
		};
		24C841CE1B86C07500EE912E /* Build configuration list for PBXNativeTarget "SZBlankInputViewDemo" */ = {
			isa = XCConfigurationList;
			buildConfigurations = (
				24C841CF1B86C07500EE912E /* Debug */,
				24C841D01B86C07500EE912E /* Release */,
			);
			defaultConfigurationIsVisible = 0;
		};
		24C841D11B86C07500EE912E /* Build configuration list for PBXNativeTarget "SZBlankInputViewDemoTests" */ = {
			isa = XCConfigurationList;
			buildConfigurations = (
				24C841D21B86C07500EE912E /* Debug */,
				24C841D31B86C07500EE912E /* Release */,
			);
			defaultConfigurationIsVisible = 0;
		};
/* End XCConfigurationList section */
	};
	rootObject = 24C841A31B86C07400EE912E /* Project object */;
}
